
Microsoft Visual Studio Solution File, Format Version 12.00
# Visual Studio Version 17
VisualStudioVersion = 17.14.36202.13
MinimumVisualStudioVersion = 10.0.40219.1
Project("{9A19103F-16F7-4668-BE54-9A1E7A4F7556}") = "VM.Start", "VM\VM.Start.csproj", "{7C4B323C-0423-4ACB-ADFB-D443C9E41B1A}"
EndProject
Project("{2150E333-8FDC-42A3-9474-1A3956D46DE8}") = "01Main", "01Main", "{02EA681E-C7D8-13C7-8484-4AC65E1B71E8}"
EndProject
Project("{9A19103F-16F7-4668-BE54-9A1E7A4F7556}") = "VM.Shard", "VM.Shard\VM.Shard.csproj", "{AFD11019-820D-41DE-A7DD-752593C033C0}"
EndProject
Project("{2150E333-8FDC-42A3-9474-1A3956D46DE8}") = "03ThirdPartyDll", "03ThirdPartyDll", "{4E8A6004-770E-4D96-A1B1-65031F8364EF}"
EndProject
Project("{9A19103F-16F7-4668-BE54-9A1E7A4F7556}") = "AvalonDock", "..\03ThirdPartyDll\AvalonDock\AvalonDock.csproj", "{78A7F4B6-0231-9758-F062-60167BBB3278}"
EndProject
Project("{9A19103F-16F7-4668-BE54-9A1E7A4F7556}") = "AvalonDock.Themes.VS2013", "..\03ThirdPartyDll\AvalonDock.Themes.VS2013\AvalonDock.Themes.VS2013.csproj", "{1E97566C-6D73-9318-577D-CC5D17BBCC4E}"
EndProject
Project("{2150E333-8FDC-42A3-9474-1A3956D46DE8}") = "02Plugins", "02Plugins", "{79BE031F-3CAE-4F23-A8BD-15F564444395}"
EndProject
Project("{2150E333-8FDC-42A3-9474-1A3956D46DE8}") = "000常用工具", "000常用工具", "{D914FC5D-1321-4BBE-BB01-ED89AB9DFA24}"
EndProject
Project("{9A19103F-16F7-4668-BE54-9A1E7A4F7556}") = "Plugin.Delay", "Plugin.Delay\Plugin.Delay.csproj", "{33764338-6D81-447E-A10B-5199A4DE3442}"
EndProject
Project("{2150E333-8FDC-42A3-9474-1A3956D46DE8}") = "001图像处理", "001图像处理", "{04C39329-FC8A-442C-8B95-5CBD289DEA9D}"
EndProject
Project("{9A19103F-16F7-4668-BE54-9A1E7A4F7556}") = "Plugin.Blob", "Plugin.Blob\Plugin.Blob.csproj", "{B5966620-EC96-43F6-932A-7A7C81171325}"
EndProject
Project("{9A19103F-16F7-4668-BE54-9A1E7A4F7556}") = "Plugin.DiplayData", "Plugin.DiplayData\Plugin.DiplayData.csproj", "{1F7BC263-5CF7-49A4-BF28-327162CE5ABF}"
EndProject
Project("{9A19103F-16F7-4668-BE54-9A1E7A4F7556}") = "VM.IPlugin", "VM.IPlugin\VM.IPlugin.csproj", "{93AAFB05-47FB-4877-B840-892C14A06EEA}"
EndProject
Project("{9A19103F-16F7-4668-BE54-9A1E7A4F7556}") = "Plugin.GrabImage", "Plugin.GrabImage\Plugin.GrabImage.csproj", "{8737EFFE-BEE2-4157-B2E1-920509D95AD9}"
EndProject
Project("{9A19103F-16F7-4668-BE54-9A1E7A4F7556}") = "VM.Halcon", "VM.Halcon\VM.Halcon.csproj", "{B8C5303E-D394-4355-9315-AEAB16D477B3}"
EndProject
Project("{9A19103F-16F7-4668-BE54-9A1E7A4F7556}") = "Plugin.PerProcessing", "Plugin.PerProcessing\Plugin.PerProcessing.csproj", "{92C078C0-B096-4B26-902C-73C70AD59C3D}"
EndProject
Project("{2150E333-8FDC-42A3-9474-1A3956D46DE8}") = "002检测识别", "002检测识别", "{AD126634-89B9-4599-8C0B-A735DA2F8139}"
EndProject
Project("{9A19103F-16F7-4668-BE54-9A1E7A4F7556}") = "Plugin.CreateROI", "Plugin.CreateROI\Plugin.CreateROI.csproj", "{83CE3E24-C596-4D22-9BF5-CB62601A6FB9}"
EndProject
Project("{9A19103F-16F7-4668-BE54-9A1E7A4F7556}") = "Plugin.Matching", "Plugin.Matching\Plugin.Matching.csproj", "{D1F69624-165B-400E-AD63-48AFC395219D}"
EndProject
Project("{2150E333-8FDC-42A3-9474-1A3956D46DE8}") = "DemoThemes", "DemoThemes", "{53EB1F38-0C72-4BCE-990E-4DDBCDB5E919}"
EndProject
Project("{9A19103F-16F7-4668-BE54-9A1E7A4F7556}") = "DemoThemes", "DemoThemes\DemoThemes.csproj", "{88354194-B31B-4F32-A1F4-6FAC05CE81E2}"
EndProject
Project("{2150E333-8FDC-42A3-9474-1A3956D46DE8}") = "99CommonTool", "99CommonTool", "{1C4DBF9D-FA1A-4F97-9C18-AACEA96CEF5E}"
EndProject
Project("{FAE04EC0-301F-11D3-BF4B-00C04F79EFBC}") = "WPF.ComTools", "WPF.ComTools\WPF.ComTools.csproj", "{1816B19B-F22C-4C40-B630-DF9A72DA8B04}"
EndProject
Project("{FAE04EC0-301F-11D3-BF4B-00C04F79EFBC}") = "Net.Tools", "Net.Tools\Net.Tools.csproj", "{A2E8F727-CE87-445B-9ABB-3E71B8B16026}"
EndProject
Global
	GlobalSection(SolutionConfigurationPlatforms) = preSolution
		Debug|Any CPU = Debug|Any CPU
		Debug|x64 = Debug|x64
		Release|Any CPU = Release|Any CPU
		Release|x64 = Release|x64
	EndGlobalSection
	GlobalSection(ProjectConfigurationPlatforms) = postSolution
		{7C4B323C-0423-4ACB-ADFB-D443C9E41B1A}.Debug|Any CPU.ActiveCfg = Debug|Any CPU
		{7C4B323C-0423-4ACB-ADFB-D443C9E41B1A}.Debug|Any CPU.Build.0 = Debug|Any CPU
		{7C4B323C-0423-4ACB-ADFB-D443C9E41B1A}.Debug|x64.ActiveCfg = Debug|Any CPU
		{7C4B323C-0423-4ACB-ADFB-D443C9E41B1A}.Debug|x64.Build.0 = Debug|Any CPU
		{7C4B323C-0423-4ACB-ADFB-D443C9E41B1A}.Release|Any CPU.ActiveCfg = Release|Any CPU
		{7C4B323C-0423-4ACB-ADFB-D443C9E41B1A}.Release|Any CPU.Build.0 = Release|Any CPU
		{7C4B323C-0423-4ACB-ADFB-D443C9E41B1A}.Release|x64.ActiveCfg = Release|Any CPU
		{7C4B323C-0423-4ACB-ADFB-D443C9E41B1A}.Release|x64.Build.0 = Release|Any CPU
		{AFD11019-820D-41DE-A7DD-752593C033C0}.Debug|Any CPU.ActiveCfg = Debug|Any CPU
		{AFD11019-820D-41DE-A7DD-752593C033C0}.Debug|Any CPU.Build.0 = Debug|Any CPU
		{AFD11019-820D-41DE-A7DD-752593C033C0}.Debug|x64.ActiveCfg = Debug|Any CPU
		{AFD11019-820D-41DE-A7DD-752593C033C0}.Debug|x64.Build.0 = Debug|Any CPU
		{AFD11019-820D-41DE-A7DD-752593C033C0}.Release|Any CPU.ActiveCfg = Release|Any CPU
		{AFD11019-820D-41DE-A7DD-752593C033C0}.Release|Any CPU.Build.0 = Release|Any CPU
		{AFD11019-820D-41DE-A7DD-752593C033C0}.Release|x64.ActiveCfg = Release|Any CPU
		{AFD11019-820D-41DE-A7DD-752593C033C0}.Release|x64.Build.0 = Release|Any CPU
		{78A7F4B6-0231-9758-F062-60167BBB3278}.Debug|Any CPU.ActiveCfg = Debug|Any CPU
		{78A7F4B6-0231-9758-F062-60167BBB3278}.Debug|Any CPU.Build.0 = Debug|Any CPU
		{78A7F4B6-0231-9758-F062-60167BBB3278}.Debug|x64.ActiveCfg = Debug|Any CPU
		{78A7F4B6-0231-9758-F062-60167BBB3278}.Debug|x64.Build.0 = Debug|Any CPU
		{78A7F4B6-0231-9758-F062-60167BBB3278}.Release|Any CPU.ActiveCfg = Release|Any CPU
		{78A7F4B6-0231-9758-F062-60167BBB3278}.Release|Any CPU.Build.0 = Release|Any CPU
		{78A7F4B6-0231-9758-F062-60167BBB3278}.Release|x64.ActiveCfg = Release|Any CPU
		{78A7F4B6-0231-9758-F062-60167BBB3278}.Release|x64.Build.0 = Release|Any CPU
		{1E97566C-6D73-9318-577D-CC5D17BBCC4E}.Debug|Any CPU.ActiveCfg = Debug|Any CPU
		{1E97566C-6D73-9318-577D-CC5D17BBCC4E}.Debug|Any CPU.Build.0 = Debug|Any CPU
		{1E97566C-6D73-9318-577D-CC5D17BBCC4E}.Debug|x64.ActiveCfg = Debug|Any CPU
		{1E97566C-6D73-9318-577D-CC5D17BBCC4E}.Debug|x64.Build.0 = Debug|Any CPU
		{1E97566C-6D73-9318-577D-CC5D17BBCC4E}.Release|Any CPU.ActiveCfg = Release|Any CPU
		{1E97566C-6D73-9318-577D-CC5D17BBCC4E}.Release|Any CPU.Build.0 = Release|Any CPU
		{1E97566C-6D73-9318-577D-CC5D17BBCC4E}.Release|x64.ActiveCfg = Release|Any CPU
		{1E97566C-6D73-9318-577D-CC5D17BBCC4E}.Release|x64.Build.0 = Release|Any CPU
		{33764338-6D81-447E-A10B-5199A4DE3442}.Debug|Any CPU.ActiveCfg = Debug|Any CPU
		{33764338-6D81-447E-A10B-5199A4DE3442}.Debug|Any CPU.Build.0 = Debug|Any CPU
		{33764338-6D81-447E-A10B-5199A4DE3442}.Debug|x64.ActiveCfg = Debug|Any CPU
		{33764338-6D81-447E-A10B-5199A4DE3442}.Debug|x64.Build.0 = Debug|Any CPU
		{33764338-6D81-447E-A10B-5199A4DE3442}.Release|Any CPU.ActiveCfg = Release|Any CPU
		{33764338-6D81-447E-A10B-5199A4DE3442}.Release|Any CPU.Build.0 = Release|Any CPU
		{33764338-6D81-447E-A10B-5199A4DE3442}.Release|x64.ActiveCfg = Release|Any CPU
		{33764338-6D81-447E-A10B-5199A4DE3442}.Release|x64.Build.0 = Release|Any CPU
		{B5966620-EC96-43F6-932A-7A7C81171325}.Debug|Any CPU.ActiveCfg = Debug|Any CPU
		{B5966620-EC96-43F6-932A-7A7C81171325}.Debug|Any CPU.Build.0 = Debug|Any CPU
		{B5966620-EC96-43F6-932A-7A7C81171325}.Debug|x64.ActiveCfg = Debug|Any CPU
		{B5966620-EC96-43F6-932A-7A7C81171325}.Debug|x64.Build.0 = Debug|Any CPU
		{B5966620-EC96-43F6-932A-7A7C81171325}.Release|Any CPU.ActiveCfg = Release|Any CPU
		{B5966620-EC96-43F6-932A-7A7C81171325}.Release|Any CPU.Build.0 = Release|Any CPU
		{B5966620-EC96-43F6-932A-7A7C81171325}.Release|x64.ActiveCfg = Release|Any CPU
		{B5966620-EC96-43F6-932A-7A7C81171325}.Release|x64.Build.0 = Release|Any CPU
		{1F7BC263-5CF7-49A4-BF28-327162CE5ABF}.Debug|Any CPU.ActiveCfg = Debug|Any CPU
		{1F7BC263-5CF7-49A4-BF28-327162CE5ABF}.Debug|Any CPU.Build.0 = Debug|Any CPU
		{1F7BC263-5CF7-49A4-BF28-327162CE5ABF}.Debug|x64.ActiveCfg = Debug|Any CPU
		{1F7BC263-5CF7-49A4-BF28-327162CE5ABF}.Debug|x64.Build.0 = Debug|Any CPU
		{1F7BC263-5CF7-49A4-BF28-327162CE5ABF}.Release|Any CPU.ActiveCfg = Release|Any CPU
		{1F7BC263-5CF7-49A4-BF28-327162CE5ABF}.Release|Any CPU.Build.0 = Release|Any CPU
		{1F7BC263-5CF7-49A4-BF28-327162CE5ABF}.Release|x64.ActiveCfg = Release|Any CPU
		{1F7BC263-5CF7-49A4-BF28-327162CE5ABF}.Release|x64.Build.0 = Release|Any CPU
		{93AAFB05-47FB-4877-B840-892C14A06EEA}.Debug|Any CPU.ActiveCfg = Debug|Any CPU
		{93AAFB05-47FB-4877-B840-892C14A06EEA}.Debug|Any CPU.Build.0 = Debug|Any CPU
		{93AAFB05-47FB-4877-B840-892C14A06EEA}.Debug|x64.ActiveCfg = Debug|Any CPU
		{93AAFB05-47FB-4877-B840-892C14A06EEA}.Debug|x64.Build.0 = Debug|Any CPU
		{93AAFB05-47FB-4877-B840-892C14A06EEA}.Release|Any CPU.ActiveCfg = Release|Any CPU
		{93AAFB05-47FB-4877-B840-892C14A06EEA}.Release|Any CPU.Build.0 = Release|Any CPU
		{93AAFB05-47FB-4877-B840-892C14A06EEA}.Release|x64.ActiveCfg = Release|Any CPU
		{93AAFB05-47FB-4877-B840-892C14A06EEA}.Release|x64.Build.0 = Release|Any CPU
		{8737EFFE-BEE2-4157-B2E1-920509D95AD9}.Debug|Any CPU.ActiveCfg = Debug|Any CPU
		{8737EFFE-BEE2-4157-B2E1-920509D95AD9}.Debug|Any CPU.Build.0 = Debug|Any CPU
		{8737EFFE-BEE2-4157-B2E1-920509D95AD9}.Debug|x64.ActiveCfg = Debug|Any CPU
		{8737EFFE-BEE2-4157-B2E1-920509D95AD9}.Debug|x64.Build.0 = Debug|Any CPU
		{8737EFFE-BEE2-4157-B2E1-920509D95AD9}.Release|Any CPU.ActiveCfg = Release|Any CPU
		{8737EFFE-BEE2-4157-B2E1-920509D95AD9}.Release|Any CPU.Build.0 = Release|Any CPU
		{8737EFFE-BEE2-4157-B2E1-920509D95AD9}.Release|x64.ActiveCfg = Release|Any CPU
		{8737EFFE-BEE2-4157-B2E1-920509D95AD9}.Release|x64.Build.0 = Release|Any CPU
		{B8C5303E-D394-4355-9315-AEAB16D477B3}.Debug|Any CPU.ActiveCfg = Debug|Any CPU
		{B8C5303E-D394-4355-9315-AEAB16D477B3}.Debug|Any CPU.Build.0 = Debug|Any CPU
		{B8C5303E-D394-4355-9315-AEAB16D477B3}.Debug|x64.ActiveCfg = Debug|Any CPU
		{B8C5303E-D394-4355-9315-AEAB16D477B3}.Debug|x64.Build.0 = Debug|Any CPU
		{B8C5303E-D394-4355-9315-AEAB16D477B3}.Release|Any CPU.ActiveCfg = Release|Any CPU
		{B8C5303E-D394-4355-9315-AEAB16D477B3}.Release|Any CPU.Build.0 = Release|Any CPU
		{B8C5303E-D394-4355-9315-AEAB16D477B3}.Release|x64.ActiveCfg = Release|Any CPU
		{B8C5303E-D394-4355-9315-AEAB16D477B3}.Release|x64.Build.0 = Release|Any CPU
		{92C078C0-B096-4B26-902C-73C70AD59C3D}.Debug|Any CPU.ActiveCfg = Debug|Any CPU
		{92C078C0-B096-4B26-902C-73C70AD59C3D}.Debug|Any CPU.Build.0 = Debug|Any CPU
		{92C078C0-B096-4B26-902C-73C70AD59C3D}.Debug|x64.ActiveCfg = Debug|Any CPU
		{92C078C0-B096-4B26-902C-73C70AD59C3D}.Debug|x64.Build.0 = Debug|Any CPU
		{92C078C0-B096-4B26-902C-73C70AD59C3D}.Release|Any CPU.ActiveCfg = Release|Any CPU
		{92C078C0-B096-4B26-902C-73C70AD59C3D}.Release|Any CPU.Build.0 = Release|Any CPU
		{92C078C0-B096-4B26-902C-73C70AD59C3D}.Release|x64.ActiveCfg = Release|Any CPU
		{92C078C0-B096-4B26-902C-73C70AD59C3D}.Release|x64.Build.0 = Release|Any CPU
		{83CE3E24-C596-4D22-9BF5-CB62601A6FB9}.Debug|Any CPU.ActiveCfg = Debug|Any CPU
		{83CE3E24-C596-4D22-9BF5-CB62601A6FB9}.Debug|Any CPU.Build.0 = Debug|Any CPU
		{83CE3E24-C596-4D22-9BF5-CB62601A6FB9}.Debug|x64.ActiveCfg = Debug|Any CPU
		{83CE3E24-C596-4D22-9BF5-CB62601A6FB9}.Debug|x64.Build.0 = Debug|Any CPU
		{83CE3E24-C596-4D22-9BF5-CB62601A6FB9}.Release|Any CPU.ActiveCfg = Release|Any CPU
		{83CE3E24-C596-4D22-9BF5-CB62601A6FB9}.Release|Any CPU.Build.0 = Release|Any CPU
		{83CE3E24-C596-4D22-9BF5-CB62601A6FB9}.Release|x64.ActiveCfg = Release|Any CPU
		{83CE3E24-C596-4D22-9BF5-CB62601A6FB9}.Release|x64.Build.0 = Release|Any CPU
		{D1F69624-165B-400E-AD63-48AFC395219D}.Debug|Any CPU.ActiveCfg = Debug|Any CPU
		{D1F69624-165B-400E-AD63-48AFC395219D}.Debug|Any CPU.Build.0 = Debug|Any CPU
		{D1F69624-165B-400E-AD63-48AFC395219D}.Debug|x64.ActiveCfg = Debug|Any CPU
		{D1F69624-165B-400E-AD63-48AFC395219D}.Debug|x64.Build.0 = Debug|Any CPU
		{D1F69624-165B-400E-AD63-48AFC395219D}.Release|Any CPU.ActiveCfg = Release|Any CPU
		{D1F69624-165B-400E-AD63-48AFC395219D}.Release|Any CPU.Build.0 = Release|Any CPU
		{D1F69624-165B-400E-AD63-48AFC395219D}.Release|x64.ActiveCfg = Release|Any CPU
		{D1F69624-165B-400E-AD63-48AFC395219D}.Release|x64.Build.0 = Release|Any CPU
		{88354194-B31B-4F32-A1F4-6FAC05CE81E2}.Debug|Any CPU.ActiveCfg = Debug|Any CPU
		{88354194-B31B-4F32-A1F4-6FAC05CE81E2}.Debug|Any CPU.Build.0 = Debug|Any CPU
		{88354194-B31B-4F32-A1F4-6FAC05CE81E2}.Debug|x64.ActiveCfg = Debug|Any CPU
		{88354194-B31B-4F32-A1F4-6FAC05CE81E2}.Debug|x64.Build.0 = Debug|Any CPU
		{88354194-B31B-4F32-A1F4-6FAC05CE81E2}.Release|Any CPU.ActiveCfg = Release|Any CPU
		{88354194-B31B-4F32-A1F4-6FAC05CE81E2}.Release|Any CPU.Build.0 = Release|Any CPU
		{88354194-B31B-4F32-A1F4-6FAC05CE81E2}.Release|x64.ActiveCfg = Release|Any CPU
		{88354194-B31B-4F32-A1F4-6FAC05CE81E2}.Release|x64.Build.0 = Release|Any CPU
		{1816B19B-F22C-4C40-B630-DF9A72DA8B04}.Debug|Any CPU.ActiveCfg = Debug|Any CPU
		{1816B19B-F22C-4C40-B630-DF9A72DA8B04}.Debug|Any CPU.Build.0 = Debug|Any CPU
		{1816B19B-F22C-4C40-B630-DF9A72DA8B04}.Debug|x64.ActiveCfg = Debug|Any CPU
		{1816B19B-F22C-4C40-B630-DF9A72DA8B04}.Debug|x64.Build.0 = Debug|Any CPU
		{1816B19B-F22C-4C40-B630-DF9A72DA8B04}.Release|Any CPU.ActiveCfg = Release|Any CPU
		{1816B19B-F22C-4C40-B630-DF9A72DA8B04}.Release|Any CPU.Build.0 = Release|Any CPU
		{1816B19B-F22C-4C40-B630-DF9A72DA8B04}.Release|x64.ActiveCfg = Release|Any CPU
		{1816B19B-F22C-4C40-B630-DF9A72DA8B04}.Release|x64.Build.0 = Release|Any CPU
		{A2E8F727-CE87-445B-9ABB-3E71B8B16026}.Debug|Any CPU.ActiveCfg = Debug|Any CPU
		{A2E8F727-CE87-445B-9ABB-3E71B8B16026}.Debug|Any CPU.Build.0 = Debug|Any CPU
		{A2E8F727-CE87-445B-9ABB-3E71B8B16026}.Debug|x64.ActiveCfg = Debug|Any CPU
		{A2E8F727-CE87-445B-9ABB-3E71B8B16026}.Debug|x64.Build.0 = Debug|Any CPU
		{A2E8F727-CE87-445B-9ABB-3E71B8B16026}.Release|Any CPU.ActiveCfg = Release|Any CPU
		{A2E8F727-CE87-445B-9ABB-3E71B8B16026}.Release|Any CPU.Build.0 = Release|Any CPU
		{A2E8F727-CE87-445B-9ABB-3E71B8B16026}.Release|x64.ActiveCfg = Release|Any CPU
		{A2E8F727-CE87-445B-9ABB-3E71B8B16026}.Release|x64.Build.0 = Release|Any CPU
	EndGlobalSection
	GlobalSection(SolutionProperties) = preSolution
		HideSolutionNode = FALSE
	EndGlobalSection
	GlobalSection(NestedProjects) = preSolution
		{7C4B323C-0423-4ACB-ADFB-D443C9E41B1A} = {02EA681E-C7D8-13C7-8484-4AC65E1B71E8}
		{AFD11019-820D-41DE-A7DD-752593C033C0} = {02EA681E-C7D8-13C7-8484-4AC65E1B71E8}
		{78A7F4B6-0231-9758-F062-60167BBB3278} = {4E8A6004-770E-4D96-A1B1-65031F8364EF}
		{1E97566C-6D73-9318-577D-CC5D17BBCC4E} = {4E8A6004-770E-4D96-A1B1-65031F8364EF}
		{D914FC5D-1321-4BBE-BB01-ED89AB9DFA24} = {79BE031F-3CAE-4F23-A8BD-15F564444395}
		{33764338-6D81-447E-A10B-5199A4DE3442} = {D914FC5D-1321-4BBE-BB01-ED89AB9DFA24}
		{04C39329-FC8A-442C-8B95-5CBD289DEA9D} = {79BE031F-3CAE-4F23-A8BD-15F564444395}
		{B5966620-EC96-43F6-932A-7A7C81171325} = {04C39329-FC8A-442C-8B95-5CBD289DEA9D}
		{1F7BC263-5CF7-49A4-BF28-327162CE5ABF} = {04C39329-FC8A-442C-8B95-5CBD289DEA9D}
		{93AAFB05-47FB-4877-B840-892C14A06EEA} = {4E8A6004-770E-4D96-A1B1-65031F8364EF}
		{8737EFFE-BEE2-4157-B2E1-920509D95AD9} = {04C39329-FC8A-442C-8B95-5CBD289DEA9D}
		{B8C5303E-D394-4355-9315-AEAB16D477B3} = {4E8A6004-770E-4D96-A1B1-65031F8364EF}
		{92C078C0-B096-4B26-902C-73C70AD59C3D} = {04C39329-FC8A-442C-8B95-5CBD289DEA9D}
		{AD126634-89B9-4599-8C0B-A735DA2F8139} = {79BE031F-3CAE-4F23-A8BD-15F564444395}
		{83CE3E24-C596-4D22-9BF5-CB62601A6FB9} = {AD126634-89B9-4599-8C0B-A735DA2F8139}
		{D1F69624-165B-400E-AD63-48AFC395219D} = {AD126634-89B9-4599-8C0B-A735DA2F8139}
		{88354194-B31B-4F32-A1F4-6FAC05CE81E2} = {53EB1F38-0C72-4BCE-990E-4DDBCDB5E919}
		{1816B19B-F22C-4C40-B630-DF9A72DA8B04} = {1C4DBF9D-FA1A-4F97-9C18-AACEA96CEF5E}
		{A2E8F727-CE87-445B-9ABB-3E71B8B16026} = {1C4DBF9D-FA1A-4F97-9C18-AACEA96CEF5E}
	EndGlobalSection
	GlobalSection(ExtensibilityGlobals) = postSolution
		SolutionGuid = {5CFDD375-38AE-47F2-936F-1CFD13F0D278}
	EndGlobalSection
EndGlobal
